
Microsoft Visual Studio Solution File, Format Version 12.00
# Visual Studio 15
VisualStudioVersion = 15.0.28307.136
MinimumVisualStudioVersion = 10.0.40219.1
Project("{9A19103F-16F7-4668-BE54-9A1E7A4F7556}") = "Bing.Printer.Abstractions", "src\Bing.Printer.Abstractions\Bing.Printer.Abstractions.csproj", "{FF74E367-1062-4031-B712-4B79A283C8AE}"
EndProject
Project("{9A19103F-16F7-4668-BE54-9A1E7A4F7556}") = "Bing.Printer.EscPos", "src\Bing.Printer.EscPos\Bing.Printer.EscPos.csproj", "{AF63462E-B1D9-4F27-B0BC-A0A85E9AEC3A}"
EndProject
Project("{9A19103F-16F7-4668-BE54-9A1E7A4F7556}") = "Bing.Printer.Tests", "tests\Bing.Printer.Tests\Bing.Printer.Tests.csproj", "{ECAF6355-0F49-48E2-9CD3-E88EA9453149}"
EndProject
Project("{9A19103F-16F7-4668-BE54-9A1E7A4F7556}") = "Bing.Printer.Core", "src\Bing.Printer.Core\Bing.Printer.Core.csproj", "{6D06AA61-4ADB-475D-8FE5-8AAAFFC71803}"
EndProject
Project("{2150E333-8FDC-42A3-9474-1A3956D46DE8}") = "00-document", "00-document", "{8B83F472-19F3-4DD7-A4C2-87A0143FA6EB}"
	ProjectSection(SolutionItems) = preProject
		build\pack.bat = build\pack.bat
		README.md = README.md
		build\version.props = build\version.props
	EndProjectSection
EndProject
Project("{2150E333-8FDC-42A3-9474-1A3956D46DE8}") = "01-src", "01-src", "{28D3ECD1-D78F-4BEF-B627-9B6D495E8C12}"
EndProject
Project("{2150E333-8FDC-42A3-9474-1A3956D46DE8}") = "02-tests", "02-tests", "{098A1272-8524-4584-BA97-FDA569B72455}"
EndProject
Global
	GlobalSection(SolutionConfigurationPlatforms) = preSolution
		Debug|Any CPU = Debug|Any CPU
		Release|Any CPU = Release|Any CPU
	EndGlobalSection
	GlobalSection(ProjectConfigurationPlatforms) = postSolution
		{FF74E367-1062-4031-B712-4B79A283C8AE}.Debug|Any CPU.ActiveCfg = Debug|Any CPU
		{FF74E367-1062-4031-B712-4B79A283C8AE}.Debug|Any CPU.Build.0 = Debug|Any CPU
		{FF74E367-1062-4031-B712-4B79A283C8AE}.Release|Any CPU.ActiveCfg = Release|Any CPU
		{FF74E367-1062-4031-B712-4B79A283C8AE}.Release|Any CPU.Build.0 = Release|Any CPU
		{AF63462E-B1D9-4F27-B0BC-A0A85E9AEC3A}.Debug|Any CPU.ActiveCfg = Debug|Any CPU
		{AF63462E-B1D9-4F27-B0BC-A0A85E9AEC3A}.Debug|Any CPU.Build.0 = Debug|Any CPU
		{AF63462E-B1D9-4F27-B0BC-A0A85E9AEC3A}.Release|Any CPU.ActiveCfg = Release|Any CPU
		{AF63462E-B1D9-4F27-B0BC-A0A85E9AEC3A}.Release|Any CPU.Build.0 = Release|Any CPU
		{ECAF6355-0F49-48E2-9CD3-E88EA9453149}.Debug|Any CPU.ActiveCfg = Debug|Any CPU
		{ECAF6355-0F49-48E2-9CD3-E88EA9453149}.Debug|Any CPU.Build.0 = Debug|Any CPU
		{ECAF6355-0F49-48E2-9CD3-E88EA9453149}.Release|Any CPU.ActiveCfg = Release|Any CPU
		{ECAF6355-0F49-48E2-9CD3-E88EA9453149}.Release|Any CPU.Build.0 = Release|Any CPU
		{6D06AA61-4ADB-475D-8FE5-8AAAFFC71803}.Debug|Any CPU.ActiveCfg = Debug|Any CPU
		{6D06AA61-4ADB-475D-8FE5-8AAAFFC71803}.Debug|Any CPU.Build.0 = Debug|Any CPU
		{6D06AA61-4ADB-475D-8FE5-8AAAFFC71803}.Release|Any CPU.ActiveCfg = Release|Any CPU
		{6D06AA61-4ADB-475D-8FE5-8AAAFFC71803}.Release|Any CPU.Build.0 = Release|Any CPU
	EndGlobalSection
	GlobalSection(SolutionProperties) = preSolution
		HideSolutionNode = FALSE
	EndGlobalSection
	GlobalSection(NestedProjects) = preSolution
		{FF74E367-1062-4031-B712-4B79A283C8AE} = {28D3ECD1-D78F-4BEF-B627-9B6D495E8C12}
		{AF63462E-B1D9-4F27-B0BC-A0A85E9AEC3A} = {28D3ECD1-D78F-4BEF-B627-9B6D495E8C12}
		{ECAF6355-0F49-48E2-9CD3-E88EA9453149} = {098A1272-8524-4584-BA97-FDA569B72455}
		{6D06AA61-4ADB-475D-8FE5-8AAAFFC71803} = {28D3ECD1-D78F-4BEF-B627-9B6D495E8C12}
	EndGlobalSection
	GlobalSection(ExtensibilityGlobals) = postSolution
		SolutionGuid = {2B180E80-4532-4EF0-8658-3C57193CEDFF}
	EndGlobalSection
EndGlobal
